
Microsoft Visual Studio Solution File, Format Version 12.00
# Visual Studio Version 17
VisualStudioVersion = 17.9.34321.82
MinimumVisualStudioVersion = 10.0.40219.1
Project("{8BC9CEB8-8B4A-11D0-8D11-00A0C91BC942}") = "Stream", "Stream.vcxproj", "{812D944B-58DD-489C-B6FF-F866028B8894}"
EndProject
Global
	GlobalSection(SolutionConfigurationPlatforms) = preSolution
		Debug|x64 = Debug|x64
		Debug|x86 = Debug|x86
		Release|x64 = Release|x64
		Release|x86 = Release|x86
	EndGlobalSection
	GlobalSection(ProjectConfigurationPlatforms) = postSolution
		{812D944B-58DD-489C-B6FF-F866028B8894}.Debug|x64.ActiveCfg = Debug|x64
		{812D944B-58DD-489C-B6FF-F866028B8894}.Debug|x64.Build.0 = Debug|x64
		{812D944B-58DD-489C-B6FF-F866028B8894}.Debug|x86.ActiveCfg = Debug|Win32
		{812D944B-58DD-489C-B6FF-F866028B8894}.Debug|x86.Build.0 = Debug|Win32
		{812D944B-58DD-489C-B6FF-F866028B8894}.Release|x64.ActiveCfg = Release|x64
		{812D944B-58DD-489C-B6FF-F866028B8894}.Release|x64.Build.0 = Release|x64
		{812D944B-58DD-489C-B6FF-F866028B8894}.Release|x86.ActiveCfg = Release|Win32
		{812D944B-58DD-489C-B6FF-F866028B8894}.Release|x86.Build.0 = Release|Win32
	EndGlobalSection
	GlobalSection(SolutionProperties) = preSolution
		HideSolutionNode = FALSE
	EndGlobalSection
	GlobalSection(ExtensibilityGlobals) = postSolution
		SolutionGuid = {7FA91EBE-6B5D-465E-94B9-DF4BE52732FA}
	EndGlobalSection
EndGlobal
